// !$*UTF8*$!
{
	archiveVersion = 1;
	classes = {
	};
	objectVersion = 46;
	objects = {

/* Begin PBXBuildFile section */
		01195DE91DD083DC0022793D /* DataService.swift in Sources */ = {isa = PBXBuildFile; fileRef = 01195DE81DD083DC0022793D /* DataService.swift */; };
		01195DEC1DD30AFA0022793D /* TacoCell.swift in Sources */ = {isa = PBXBuildFile; fileRef = 01195DEA1DD30AFA0022793D /* TacoCell.swift */; };
		01195DED1DD30AFA0022793D /* TacoCell.xib in Resources */ = {isa = PBXBuildFile; fileRef = 01195DEB1DD30AFA0022793D /* TacoCell.xib */; };
		01195DEF1DD322EA0022793D /* ReusableView.swift in Sources */ = {isa = PBXBuildFile; fileRef = 01195DEE1DD322EA0022793D /* ReusableView.swift */; };
		01195DF11DD323F00022793D /* NibLoadableView.swift in Sources */ = {isa = PBXBuildFile; fileRef = 01195DF01DD323F00022793D /* NibLoadableView.swift */; };
		01195DF31DD324DE0022793D /* UICollectionView+Ext.swift in Sources */ = {isa = PBXBuildFile; fileRef = 01195DF21DD324DE0022793D /* UICollectionView+Ext.swift */; };
		01195DF51DD329CD0022793D /* MutableCollection+Ext.swift in Sources */ = {isa = PBXBuildFile; fileRef = 01195DF41DD329CD0022793D /* MutableCollection+Ext.swift */; };
		01195DF71DD32B7C0022793D /* Shakeable.swift in Sources */ = {isa = PBXBuildFile; fileRef = 01195DF61DD32B7C0022793D /* Shakeable.swift */; };
		01E7C5BD1DCFC7C500B6F03D /* AppDelegate.swift in Sources */ = {isa = PBXBuildFile; fileRef = 01E7C5BC1DCFC7C500B6F03D /* AppDelegate.swift */; };
		01E7C5C21DCFC7C500B6F03D /* Main.storyboard in Resources */ = {isa = PBXBuildFile; fileRef = 01E7C5C01DCFC7C500B6F03D /* Main.storyboard */; };
		01E7C5C41DCFC7C500B6F03D /* Assets.xcassets in Resources */ = {isa = PBXBuildFile; fileRef = 01E7C5C31DCFC7C500B6F03D /* Assets.xcassets */; };
		01E7C5C71DCFC7C500B6F03D /* LaunchScreen.storyboard in Resources */ = {isa = PBXBuildFile; fileRef = 01E7C5C51DCFC7C500B6F03D /* LaunchScreen.storyboard */; };
		01E7C5D21DCFC7C500B6F03D /* TacoPOPTests.swift in Sources */ = {isa = PBXBuildFile; fileRef = 01E7C5D11DCFC7C500B6F03D /* TacoPOPTests.swift */; };
		01E7C5E31DCFC86D00B6F03D /* MainVC.swift in Sources */ = {isa = PBXBuildFile; fileRef = 01E7C5E21DCFC86D00B6F03D /* MainVC.swift */; };
		01E7C5E51DCFCA2100B6F03D /* DropShadow.swift in Sources */ = {isa = PBXBuildFile; fileRef = 01E7C5E41DCFCA2100B6F03D /* DropShadow.swift */; };
		01E7C5E71DCFCB7100B6F03D /* HeaderView.swift in Sources */ = {isa = PBXBuildFile; fileRef = 01E7C5E61DCFCB7100B6F03D /* HeaderView.swift */; };
		01E7C5E91DCFCEBF00B6F03D /* Taco.swift in Sources */ = {isa = PBXBuildFile; fileRef = 01E7C5E81DCFCEBF00B6F03D /* Taco.swift */; };
/* End PBXBuildFile section */

/* Begin PBXContainerItemProxy section */
		01E7C5CE1DCFC7C500B6F03D /* PBXContainerItemProxy */ = {
			isa = PBXContainerItemProxy;
			containerPortal = 01E7C5B11DCFC7C500B6F03D /* Project object */;
			proxyType = 1;
			remoteGlobalIDString = 01E7C5B81DCFC7C500B6F03D;
			remoteInfo = TacoPOP;
		};
/* End PBXContainerItemProxy section */

/* Begin PBXFileReference section */
		01195DE81DD083DC0022793D /* DataService.swift */ = {isa = PBXFileReference; fileEncoding = 4; lastKnownFileType = sourcecode.swift; path = DataService.swift; sourceTree = "<group>"; };
		01195DEA1DD30AFA0022793D /* TacoCell.swift */ = {isa = PBXFileReference; fileEncoding = 4; lastKnownFileType = sourcecode.swift; path = TacoCell.swift; sourceTree = "<group>"; };
		01195DEB1DD30AFA0022793D /* TacoCell.xib */ = {isa = PBXFileReference; fileEncoding = 4; lastKnownFileType = file.xib; path = TacoCell.xib; sourceTree = "<group>"; };
		01195DEE1DD322EA0022793D /* ReusableView.swift */ = {isa = PBXFileReference; fileEncoding = 4; lastKnownFileType = sourcecode.swift; path = ReusableView.swift; sourceTree = "<group>"; };
		01195DF01DD323F00022793D /* NibLoadableView.swift */ = {isa = PBXFileReference; fileEncoding = 4; lastKnownFileType = sourcecode.swift; path = NibLoadableView.swift; sourceTree = "<group>"; };
		01195DF21DD324DE0022793D /* UICollectionView+Ext.swift */ = {isa = PBXFileReference; fileEncoding = 4; lastKnownFileType = sourcecode.swift; path = "UICollectionView+Ext.swift"; sourceTree = "<group>"; };
		01195DF41DD329CD0022793D /* MutableCollection+Ext.swift */ = {isa = PBXFileReference; fileEncoding = 4; lastKnownFileType = sourcecode.swift; path = "MutableCollection+Ext.swift"; sourceTree = "<group>"; };
		01195DF61DD32B7C0022793D /* Shakeable.swift */ = {isa = PBXFileReference; fileEncoding = 4; lastKnownFileType = sourcecode.swift; path = Shakeable.swift; sourceTree = "<group>"; };
		01E7C5B91DCFC7C500B6F03D /* TacoPOP.app */ = {isa = PBXFileReference; explicitFileType = wrapper.application; includeInIndex = 0; path = TacoPOP.app; sourceTree = BUILT_PRODUCTS_DIR; };
		01E7C5BC1DCFC7C500B6F03D /* AppDelegate.swift */ = {isa = PBXFileReference; lastKnownFileType = sourcecode.swift; path = AppDelegate.swift; sourceTree = "<group>"; };
		01E7C5C11DCFC7C500B6F03D /* Base */ = {isa = PBXFileReference; lastKnownFileType = file.storyboard; name = Base; path = Base.lproj/Main.storyboard; sourceTree = "<group>"; };
		01E7C5C31DCFC7C500B6F03D /* Assets.xcassets */ = {isa = PBXFileReference; lastKnownFileType = folder.assetcatalog; path = Assets.xcassets; sourceTree = "<group>"; };
		01E7C5C61DCFC7C500B6F03D /* Base */ = {isa = PBXFileReference; lastKnownFileType = file.storyboard; name = Base; path = Base.lproj/LaunchScreen.storyboard; sourceTree = "<group>"; };
		01E7C5C81DCFC7C500B6F03D /* Info.plist */ = {isa = PBXFileReference; lastKnownFileType = text.plist.xml; path = Info.plist; sourceTree = "<group>"; };
		01E7C5CD1DCFC7C500B6F03D /* TacoPOPTests.xctest */ = {isa = PBXFileReference; explicitFileType = wrapper.cfbundle; includeInIndex = 0; path = TacoPOPTests.xctest; sourceTree = BUILT_PRODUCTS_DIR; };
		01E7C5D11DCFC7C500B6F03D /* TacoPOPTests.swift */ = {isa = PBXFileReference; lastKnownFileType = sourcecode.swift; path = TacoPOPTests.swift; sourceTree = "<group>"; };
		01E7C5D31DCFC7C500B6F03D /* Info.plist */ = {isa = PBXFileReference; lastKnownFileType = text.plist.xml; path = Info.plist; sourceTree = "<group>"; };
		01E7C5E21DCFC86D00B6F03D /* MainVC.swift */ = {isa = PBXFileReference; fileEncoding = 4; lastKnownFileType = sourcecode.swift; path = MainVC.swift; sourceTree = "<group>"; };
		01E7C5E41DCFCA2100B6F03D /* DropShadow.swift */ = {isa = PBXFileReference; fileEncoding = 4; lastKnownFileType = sourcecode.swift; path = DropShadow.swift; sourceTree = "<group>"; };
		01E7C5E61DCFCB7100B6F03D /* HeaderView.swift */ = {isa = PBXFileReference; fileEncoding = 4; lastKnownFileType = sourcecode.swift; path = HeaderView.swift; sourceTree = "<group>"; };
		01E7C5E81DCFCEBF00B6F03D /* Taco.swift */ = {isa = PBXFileReference; fileEncoding = 4; lastKnownFileType = sourcecode.swift; path = Taco.swift; sourceTree = "<group>"; };
/* End PBXFileReference section */

/* Begin PBXFrameworksBuildPhase section */
		01E7C5B61DCFC7C500B6F03D /* Frameworks */ = {
			isa = PBXFrameworksBuildPhase;
			buildActionMask = 2147483647;
			files = (
			);
			runOnlyForDeploymentPostprocessing = 0;
		};
		01E7C5CA1DCFC7C500B6F03D /* Frameworks */ = {
			isa = PBXFrameworksBuildPhase;
			buildActionMask = 2147483647;
			files = (
			);
			runOnlyForDeploymentPostprocessing = 0;
		};
/* End PBXFrameworksBuildPhase section */

/* Begin PBXGroup section */
		01E7C5B01DCFC7C500B6F03D = {
			isa = PBXGroup;
			children = (
				01E7C5BB1DCFC7C500B6F03D /* TacoPOP */,
				01E7C5D01DCFC7C500B6F03D /* TacoPOPTests */,
				01E7C5BA1DCFC7C500B6F03D /* Products */,
			);
			sourceTree = "<group>";
		};
		01E7C5BA1DCFC7C500B6F03D /* Products */ = {
			isa = PBXGroup;
			children = (
				01E7C5B91DCFC7C500B6F03D /* TacoPOP.app */,
				01E7C5CD1DCFC7C500B6F03D /* TacoPOPTests.xctest */,
			);
			name = Products;
			sourceTree = "<group>";
		};
		01E7C5BB1DCFC7C500B6F03D /* TacoPOP */ = {
			isa = PBXGroup;
			children = (
				01E7C5E11DCFC81300B6F03D /* Extensions */,
				01E7C5E01DCFC80300B6F03D /* Protocols */,
				01E7C5DE1DCFC7E500B6F03D /* Model */,
				01E7C5DD1DCFC7DF00B6F03D /* View */,
				01E7C5DC1DCFC7D800B6F03D /* Controller */,
				01E7C5DF1DCFC7ED00B6F03D /* Resources */,
			);
			path = TacoPOP;
			sourceTree = "<group>";
		};
		01E7C5D01DCFC7C500B6F03D /* TacoPOPTests */ = {
			isa = PBXGroup;
			children = (
				01E7C5D11DCFC7C500B6F03D /* TacoPOPTests.swift */,
				01E7C5D31DCFC7C500B6F03D /* Info.plist */,
			);
			path = TacoPOPTests;
			sourceTree = "<group>";
		};
		01E7C5DC1DCFC7D800B6F03D /* Controller */ = {
			isa = PBXGroup;
			children = (
				01E7C5BC1DCFC7C500B6F03D /* AppDelegate.swift */,
				01E7C5E21DCFC86D00B6F03D /* MainVC.swift */,
			);
			name = Controller;
			sourceTree = "<group>";
		};
		01E7C5DD1DCFC7DF00B6F03D /* View */ = {
			isa = PBXGroup;
			children = (
				01E7C5C51DCFC7C500B6F03D /* LaunchScreen.storyboard */,
				01E7C5C01DCFC7C500B6F03D /* Main.storyboard */,
				01E7C5E61DCFCB7100B6F03D /* HeaderView.swift */,
				01195DEA1DD30AFA0022793D /* TacoCell.swift */,
				01195DEB1DD30AFA0022793D /* TacoCell.xib */,
			);
			name = View;
			sourceTree = "<group>";
		};
		01E7C5DE1DCFC7E500B6F03D /* Model */ = {
			isa = PBXGroup;
			children = (
				01E7C5E81DCFCEBF00B6F03D /* Taco.swift */,
				01195DE81DD083DC0022793D /* DataService.swift */,
			);
			name = Model;
			sourceTree = "<group>";
		};
		01E7C5DF1DCFC7ED00B6F03D /* Resources */ = {
			isa = PBXGroup;
			children = (
				01E7C5C31DCFC7C500B6F03D /* Assets.xcassets */,
				01E7C5C81DCFC7C500B6F03D /* Info.plist */,
			);
			name = Resources;
			sourceTree = "<group>";
		};
		01E7C5E01DCFC80300B6F03D /* Protocols */ = {
			isa = PBXGroup;
			children = (
				01E7C5E41DCFCA2100B6F03D /* DropShadow.swift */,
				01195DEE1DD322EA0022793D /* ReusableView.swift */,
				01195DF01DD323F00022793D /* NibLoadableView.swift */,
				01195DF61DD32B7C0022793D /* Shakeable.swift */,
			);
			name = Protocols;
			sourceTree = "<group>";
		};
		01E7C5E11DCFC81300B6F03D /* Extensions */ = {
			isa = PBXGroup;
			children = (
				01195DF21DD324DE0022793D /* UICollectionView+Ext.swift */,
				01195DF41DD329CD0022793D /* MutableCollection+Ext.swift */,
			);
			name = Extensions;
			sourceTree = "<group>";
		};
/* End PBXGroup section */

/* Begin PBXNativeTarget section */
		01E7C5B81DCFC7C500B6F03D /* TacoPOP */ = {
			isa = PBXNativeTarget;
			buildConfigurationList = 01E7C5D61DCFC7C500B6F03D /* Build configuration list for PBXNativeTarget "TacoPOP" */;
			buildPhases = (
				01E7C5B51DCFC7C500B6F03D /* Sources */,
				01E7C5B61DCFC7C500B6F03D /* Frameworks */,
				01E7C5B71DCFC7C500B6F03D /* Resources */,
			);
			buildRules = (
			);
			dependencies = (
			);
			name = TacoPOP;
			productName = TacoPOP;
			productReference = 01E7C5B91DCFC7C500B6F03D /* TacoPOP.app */;
			productType = "com.apple.product-type.application";
		};
		01E7C5CC1DCFC7C500B6F03D /* TacoPOPTests */ = {
			isa = PBXNativeTarget;
			buildConfigurationList = 01E7C5D91DCFC7C500B6F03D /* Build configuration list for PBXNativeTarget "TacoPOPTests" */;
			buildPhases = (
				01E7C5C91DCFC7C500B6F03D /* Sources */,
				01E7C5CA1DCFC7C500B6F03D /* Frameworks */,
				01E7C5CB1DCFC7C500B6F03D /* Resources */,
			);
			buildRules = (
			);
			dependencies = (
				01E7C5CF1DCFC7C500B6F03D /* PBXTargetDependency */,
			);
			name = TacoPOPTests;
			productName = TacoPOPTests;
			productReference = 01E7C5CD1DCFC7C500B6F03D /* TacoPOPTests.xctest */;
			productType = "com.apple.product-type.bundle.unit-test";
		};
/* End PBXNativeTarget section */

/* Begin PBXProject section */
		01E7C5B11DCFC7C500B6F03D /* Project object */ = {
			isa = PBXProject;
			attributes = {
				LastSwiftUpdateCheck = 0810;
				LastUpgradeCheck = 0810;
				ORGANIZATIONNAME = "Patrick Gross";
				TargetAttributes = {
					01E7C5B81DCFC7C500B6F03D = {
						CreatedOnToolsVersion = 8.1;
						ProvisioningStyle = Automatic;
					};
					01E7C5CC1DCFC7C500B6F03D = {
						CreatedOnToolsVersion = 8.1;
						ProvisioningStyle = Automatic;
						TestTargetID = 01E7C5B81DCFC7C500B6F03D;
					};
				};
			};
			buildConfigurationList = 01E7C5B41DCFC7C500B6F03D /* Build configuration list for PBXProject "TacoPOP" */;
			compatibilityVersion = "Xcode 3.2";
			developmentRegion = English;
			hasScannedForEncodings = 0;
			knownRegions = (
				en,
				Base,
			);
			mainGroup = 01E7C5B01DCFC7C500B6F03D;
			productRefGroup = 01E7C5BA1DCFC7C500B6F03D /* Products */;
			projectDirPath = "";
			projectRoot = "";
			targets = (
				01E7C5B81DCFC7C500B6F03D /* TacoPOP */,
				01E7C5CC1DCFC7C500B6F03D /* TacoPOPTests */,
			);
		};
/* End PBXProject section */

/* Begin PBXResourcesBuildPhase section */
		01E7C5B71DCFC7C500B6F03D /* Resources */ = {
			isa = PBXResourcesBuildPhase;
			buildActionMask = 2147483647;
			files = (
				01195DED1DD30AFA0022793D /* TacoCell.xib in Resources */,
				01E7C5C71DCFC7C500B6F03D /* LaunchScreen.storyboard in Resources */,
				01E7C5C41DCFC7C500B6F03D /* Assets.xcassets in Resources */,
				01E7C5C21DCFC7C500B6F03D /* Main.storyboard in Resources */,
			);
			runOnlyForDeploymentPostprocessing = 0;
		};
		01E7C5CB1DCFC7C500B6F03D /* Resources */ = {
			isa = PBXResourcesBuildPhase;
			buildActionMask = 2147483647;
			files = (
			);
			runOnlyForDeploymentPostprocessing = 0;
		};
/* End PBXResourcesBuildPhase section */

/* Begin PBXSourcesBuildPhase section */
		01E7C5B51DCFC7C500B6F03D /* Sources */ = {
			isa = PBXSourcesBuildPhase;
			buildActionMask = 2147483647;
			files = (
				01195DEC1DD30AFA0022793D /* TacoCell.swift in Sources */,
				01195DF51DD329CD0022793D /* MutableCollection+Ext.swift in Sources */,
				01E7C5E91DCFCEBF00B6F03D /* Taco.swift in Sources */,
				01195DE91DD083DC0022793D /* DataService.swift in Sources */,
				01195DF11DD323F00022793D /* NibLoadableView.swift in Sources */,
				01195DF31DD324DE0022793D /* UICollectionView+Ext.swift in Sources */,
				01E7C5BD1DCFC7C500B6F03D /* AppDelegate.swift in Sources */,
				01E7C5E51DCFCA2100B6F03D /* DropShadow.swift in Sources */,
				01195DEF1DD322EA0022793D /* ReusableView.swift in Sources */,
				01E7C5E31DCFC86D00B6F03D /* MainVC.swift in Sources */,
				01195DF71DD32B7C0022793D /* Shakeable.swift in Sources */,
				01E7C5E71DCFCB7100B6F03D /* HeaderView.swift in Sources */,
			);
			runOnlyForDeploymentPostprocessing = 0;
		};
		01E7C5C91DCFC7C500B6F03D /* Sources */ = {
			isa = PBXSourcesBuildPhase;
			buildActionMask = 2147483647;
			files = (
				01E7C5D21DCFC7C500B6F03D /* TacoPOPTests.swift in Sources */,
			);
			runOnlyForDeploymentPostprocessing = 0;
		};
/* End PBXSourcesBuildPhase section */

/* Begin PBXTargetDependency section */
		01E7C5CF1DCFC7C500B6F03D /* PBXTargetDependency */ = {
			isa = PBXTargetDependency;
			target = 01E7C5B81DCFC7C500B6F03D /* TacoPOP */;
			targetProxy = 01E7C5CE1DCFC7C500B6F03D /* PBXContainerItemProxy */;
		};
/* End PBXTargetDependency section */

/* Begin PBXVariantGroup section */
		01E7C5C01DCFC7C500B6F03D /* Main.storyboard */ = {
			isa = PBXVariantGroup;
			children = (
				01E7C5C11DCFC7C500B6F03D /* Base */,
			);
			name = Main.storyboard;
			sourceTree = "<group>";
		};
		01E7C5C51DCFC7C500B6F03D /* LaunchScreen.storyboard */ = {
			isa = PBXVariantGroup;
			children = (
				01E7C5C61DCFC7C500B6F03D /* Base */,
			);
			name = LaunchScreen.storyboard;
			sourceTree = "<group>";
		};
/* End PBXVariantGroup section */

/* Begin XCBuildConfiguration section */
		01E7C5D41DCFC7C500B6F03D /* Debug */ = {
			isa = XCBuildConfiguration;
			buildSettings = {
				ALWAYS_SEARCH_USER_PATHS = NO;
				CLANG_ANALYZER_NONNULL = YES;
				CLANG_CXX_LANGUAGE_STANDARD = "gnu++0x";
				CLANG_CXX_LIBRARY = "libc++";
				CLANG_ENABLE_MODULES = YES;
				CLANG_ENABLE_OBJC_ARC = YES;
				CLANG_WARN_BOOL_CONVERSION = YES;
				CLANG_WARN_CONSTANT_CONVERSION = YES;
				CLANG_WARN_DIRECT_OBJC_ISA_USAGE = YES_ERROR;
				CLANG_WARN_DOCUMENTATION_COMMENTS = YES;
				CLANG_WARN_EMPTY_BODY = YES;
				CLANG_WARN_ENUM_CONVERSION = YES;
				CLANG_WARN_INFINITE_RECURSION = YES;
				CLANG_WARN_INT_CONVERSION = YES;
				CLANG_WARN_OBJC_ROOT_CLASS = YES_ERROR;
				CLANG_WARN_SUSPICIOUS_MOVES = YES;
				CLANG_WARN_UNREACHABLE_CODE = YES;
				CLANG_WARN__DUPLICATE_METHOD_MATCH = YES;
				"CODE_SIGN_IDENTITY[sdk=iphoneos*]" = "iPhone Developer";
				COPY_PHASE_STRIP = NO;
				DEBUG_INFORMATION_FORMAT = dwarf;
				ENABLE_STRICT_OBJC_MSGSEND = YES;
				ENABLE_TESTABILITY = YES;
				GCC_C_LANGUAGE_STANDARD = gnu99;
				GCC_DYNAMIC_NO_PIC = NO;
				GCC_NO_COMMON_BLOCKS = YES;
				GCC_OPTIMIZATION_LEVEL = 0;
				GCC_PREPROCESSOR_DEFINITIONS = (
					"DEBUG=1",
					"$(inherited)",
				);
				GCC_WARN_64_TO_32_BIT_CONVERSION = YES;
				GCC_WARN_ABOUT_RETURN_TYPE = YES_ERROR;
				GCC_WARN_UNDECLARED_SELECTOR = YES;
				GCC_WARN_UNINITIALIZED_AUTOS = YES_AGGRESSIVE;
				GCC_WARN_UNUSED_FUNCTION = YES;
				GCC_WARN_UNUSED_VARIABLE = YES;
				IPHONEOS_DEPLOYMENT_TARGET = 10.1;
				MTL_ENABLE_DEBUG_INFO = YES;
				ONLY_ACTIVE_ARCH = YES;
				SDKROOT = iphoneos;
				SWIFT_ACTIVE_COMPILATION_CONDITIONS = DEBUG;
				SWIFT_OPTIMIZATION_LEVEL = "-Onone";
				TARGETED_DEVICE_FAMILY = "1,2";
			};
			name = Debug;
		};
		01E7C5D51DCFC7C500B6F03D /* Release */ = {
			isa = XCBuildConfiguration;
			buildSettings = {
				ALWAYS_SEARCH_USER_PATHS = NO;
				CLANG_ANALYZER_NONNULL = YES;
				CLANG_CXX_LANGUAGE_STANDARD = "gnu++0x";
				CLANG_CXX_LIBRARY = "libc++";
				CLANG_ENABLE_MODULES = YES;
				CLANG_ENABLE_OBJC_ARC = YES;
				CLANG_WARN_BOOL_CONVERSION = YES;
				CLANG_WARN_CONSTANT_CONVERSION = YES;
				CLANG_WARN_DIRECT_OBJC_ISA_USAGE = YES_ERROR;
				CLANG_WARN_DOCUMENTATION_COMMENTS = YES;
				CLANG_WARN_EMPTY_BODY = YES;
				CLANG_WARN_ENUM_CONVERSION = YES;
				CLANG_WARN_INFINITE_RECURSION = YES;
				CLANG_WARN_INT_CONVERSION = YES;
				CLANG_WARN_OBJC_ROOT_CLASS = YES_ERROR;
				CLANG_WARN_SUSPICIOUS_MOVES = YES;
				CLANG_WARN_UNREACHABLE_CODE = YES;
				CLANG_WARN__DUPLICATE_METHOD_MATCH = YES;
				"CODE_SIGN_IDENTITY[sdk=iphoneos*]" = "iPhone Developer";
				COPY_PHASE_STRIP = NO;
				DEBUG_INFORMATION_FORMAT = "dwarf-with-dsym";
				ENABLE_NS_ASSERTIONS = NO;
				ENABLE_STRICT_OBJC_MSGSEND = YES;
				GCC_C_LANGUAGE_STANDARD = gnu99;
				GCC_NO_COMMON_BLOCKS = YES;
				GCC_WARN_64_TO_32_BIT_CONVERSION = YES;
				GCC_WARN_ABOUT_RETURN_TYPE = YES_ERROR;
				GCC_WARN_UNDECLARED_SELECTOR = YES;
				GCC_WARN_UNINITIALIZED_AUTOS = YES_AGGRESSIVE;
				GCC_WARN_UNUSED_FUNCTION = YES;
				GCC_WARN_UNUSED_VARIABLE = YES;
				IPHONEOS_DEPLOYMENT_TARGET = 10.1;
				MTL_ENABLE_DEBUG_INFO = NO;
				SDKROOT = iphoneos;
				SWIFT_OPTIMIZATION_LEVEL = "-Owholemodule";
				TARGETED_DEVICE_FAMILY = "1,2";
				VALIDATE_PRODUCT = YES;
			};
			name = Release;
		};
		01E7C5D71DCFC7C500B6F03D /* Debug */ = {
			isa = XCBuildConfiguration;
			buildSettings = {
				ASSETCATALOG_COMPILER_APPICON_NAME = AppIcon;
				INFOPLIST_FILE = TacoPOP/Info.plist;
				LD_RUNPATH_SEARCH_PATHS = "$(inherited) @executable_path/Frameworks";
				PRODUCT_BUNDLE_IDENTIFIER = PG.TacoPOP;
				PRODUCT_NAME = "$(TARGET_NAME)";
				SWIFT_VERSION = 3.0;
			};
			name = Debug;
		};
		01E7C5D81DCFC7C500B6F03D /* Release */ = {
			isa = XCBuildConfiguration;
			buildSettings = {
				ASSETCATALOG_COMPILER_APPICON_NAME = AppIcon;
				INFOPLIST_FILE = TacoPOP/Info.plist;
				LD_RUNPATH_SEARCH_PATHS = "$(inherited) @executable_path/Frameworks";
				PRODUCT_BUNDLE_IDENTIFIER = PG.TacoPOP;
				PRODUCT_NAME = "$(TARGET_NAME)";
				SWIFT_VERSION = 3.0;
			};
			name = Release;
		};
		01E7C5DA1DCFC7C500B6F03D /* Debug */ = {
			isa = XCBuildConfiguration;
			buildSettings = {
				ALWAYS_EMBED_SWIFT_STANDARD_LIBRARIES = YES;
				BUNDLE_LOADER = "$(TEST_HOST)";
				INFOPLIST_FILE = TacoPOPTests/Info.plist;
				LD_RUNPATH_SEARCH_PATHS = "$(inherited) @executable_path/Frameworks @loader_path/Frameworks";
				PRODUCT_BUNDLE_IDENTIFIER = PG.TacoPOPTests;
				PRODUCT_NAME = "$(TARGET_NAME)";
				SWIFT_VERSION = 3.0;
				TEST_HOST = "$(BUILT_PRODUCTS_DIR)/TacoPOP.app/TacoPOP";
			};
			name = Debug;
		};
		01E7C5DB1DCFC7C500B6F03D /* Release */ = {
			isa = XCBuildConfiguration;
			buildSettings = {
				ALWAYS_EMBED_SWIFT_STANDARD_LIBRARIES = YES;
				BUNDLE_LOADER = "$(TEST_HOST)";
				INFOPLIST_FILE = TacoPOPTests/Info.plist;
				LD_RUNPATH_SEARCH_PATHS = "$(inherited) @executable_path/Frameworks @loader_path/Frameworks";
				PRODUCT_BUNDLE_IDENTIFIER = PG.TacoPOPTests;
				PRODUCT_NAME = "$(TARGET_NAME)";
				SWIFT_VERSION = 3.0;
				TEST_HOST = "$(BUILT_PRODUCTS_DIR)/TacoPOP.app/TacoPOP";
			};
			name = Release;
		};
/* End XCBuildConfiguration section */

/* Begin XCConfigurationList section */
		01E7C5B41DCFC7C500B6F03D /* Build configuration list for PBXProject "TacoPOP" */ = {
			isa = XCConfigurationList;
			buildConfigurations = (
				01E7C5D41DCFC7C500B6F03D /* Debug */,
				01E7C5D51DCFC7C500B6F03D /* Release */,
			);
			defaultConfigurationIsVisible = 0;
			defaultConfigurationName = Release;
		};
		01E7C5D61DCFC7C500B6F03D /* Build configuration list for PBXNativeTarget "TacoPOP" */ = {
			isa = XCConfigurationList;
			buildConfigurations = (
				01E7C5D71DCFC7C500B6F03D /* Debug */,
				01E7C5D81DCFC7C500B6F03D /* Release */,
			);
			defaultConfigurationIsVisible = 0;
			defaultConfigurationName = Release;
		};
		01E7C5D91DCFC7C500B6F03D /* Build configuration list for PBXNativeTarget "TacoPOPTests" */ = {
			isa = XCConfigurationList;
			buildConfigurations = (
				01E7C5DA1DCFC7C500B6F03D /* Debug */,
				01E7C5DB1DCFC7C500B6F03D /* Release */,
			);
			defaultConfigurationIsVisible = 0;
			defaultConfigurationName = Release;
		};
/* End XCConfigurationList section */
	};
	rootObject = 01E7C5B11DCFC7C500B6F03D /* Project object */;
}
